
Microsoft Visual Studio Solution File, Format Version 12.00
# Visual Studio Version 16
VisualStudioVersion = 16.0.30413.136
MinimumVisualStudioVersion = 10.0.40219.1
Project("{9A19103F-16F7-4668-BE54-9A1E7A4F7556}") = "DarkAdminPanel.WebUI", "MasterExam.WebUI\DarkAdminPanel.WebUI.csproj", "{078B9903-516B-4FDA-A08F-9278D8F412C8}"
EndProject
Project("{9A19103F-16F7-4668-BE54-9A1E7A4F7556}") = "DarkAdminPanel.WebApi", "MasterExam.WebApi\DarkAdminPanel.WebApi.csproj", "{66D11F64-DEBB-43B1-88BE-14F4223E8BA1}"
EndProject
Project("{9A19103F-16F7-4668-BE54-9A1E7A4F7556}") = "DarkAdminPanel.Entities", "MasterExam.Entities\DarkAdminPanel.Entities.csproj", "{35CFC6B7-FFE9-45FE-928C-462E5360132D}"
EndProject
Project("{9A19103F-16F7-4668-BE54-9A1E7A4F7556}") = "DarkAdminPanel.DataAccess", "DarkAdminPanel.DataAccess\DarkAdminPanel.DataAccess.csproj", "{B8BAC2CE-D568-4909-9374-6CC939A1B7C8}"
EndProject
Project("{9A19103F-16F7-4668-BE54-9A1E7A4F7556}") = "DarkAdminPanel.Business", "DarkAdminPanel.Business\DarkAdminPanel.Business.csproj", "{A8FD5BAE-3845-4A22-95A7-99D6738ECE34}"
EndProject
Global
	GlobalSection(SolutionConfigurationPlatforms) = preSolution
		Debug|Any CPU = Debug|Any CPU
		Release|Any CPU = Release|Any CPU
	EndGlobalSection
	GlobalSection(ProjectConfigurationPlatforms) = postSolution
		{078B9903-516B-4FDA-A08F-9278D8F412C8}.Debug|Any CPU.ActiveCfg = Debug|Any CPU
		{078B9903-516B-4FDA-A08F-9278D8F412C8}.Debug|Any CPU.Build.0 = Debug|Any CPU
		{078B9903-516B-4FDA-A08F-9278D8F412C8}.Release|Any CPU.ActiveCfg = Release|Any CPU
		{078B9903-516B-4FDA-A08F-9278D8F412C8}.Release|Any CPU.Build.0 = Release|Any CPU
		{66D11F64-DEBB-43B1-88BE-14F4223E8BA1}.Debug|Any CPU.ActiveCfg = Debug|Any CPU
		{66D11F64-DEBB-43B1-88BE-14F4223E8BA1}.Debug|Any CPU.Build.0 = Debug|Any CPU
		{66D11F64-DEBB-43B1-88BE-14F4223E8BA1}.Release|Any CPU.ActiveCfg = Release|Any CPU
		{66D11F64-DEBB-43B1-88BE-14F4223E8BA1}.Release|Any CPU.Build.0 = Release|Any CPU
		{35CFC6B7-FFE9-45FE-928C-462E5360132D}.Debug|Any CPU.ActiveCfg = Debug|Any CPU
		{35CFC6B7-FFE9-45FE-928C-462E5360132D}.Debug|Any CPU.Build.0 = Debug|Any CPU
		{35CFC6B7-FFE9-45FE-928C-462E5360132D}.Release|Any CPU.ActiveCfg = Release|Any CPU
		{35CFC6B7-FFE9-45FE-928C-462E5360132D}.Release|Any CPU.Build.0 = Release|Any CPU
		{B8BAC2CE-D568-4909-9374-6CC939A1B7C8}.Debug|Any CPU.ActiveCfg = Debug|Any CPU
		{B8BAC2CE-D568-4909-9374-6CC939A1B7C8}.Debug|Any CPU.Build.0 = Debug|Any CPU
		{B8BAC2CE-D568-4909-9374-6CC939A1B7C8}.Release|Any CPU.ActiveCfg = Release|Any CPU
		{B8BAC2CE-D568-4909-9374-6CC939A1B7C8}.Release|Any CPU.Build.0 = Release|Any CPU
		{A8FD5BAE-3845-4A22-95A7-99D6738ECE34}.Debug|Any CPU.ActiveCfg = Debug|Any CPU
		{A8FD5BAE-3845-4A22-95A7-99D6738ECE34}.Debug|Any CPU.Build.0 = Debug|Any CPU
		{A8FD5BAE-3845-4A22-95A7-99D6738ECE34}.Release|Any CPU.ActiveCfg = Release|Any CPU
		{A8FD5BAE-3845-4A22-95A7-99D6738ECE34}.Release|Any CPU.Build.0 = Release|Any CPU
	EndGlobalSection
	GlobalSection(SolutionProperties) = preSolution
		HideSolutionNode = FALSE
	EndGlobalSection
	GlobalSection(ExtensibilityGlobals) = postSolution
		SolutionGuid = {9A000734-DBC8-41D7-96F0-7EE571CB447F}
	EndGlobalSection
EndGlobal
